{
  "version": 4,
  "terraform_version": "1.7.3",
  "serial": 10,
  "lineage": "04b0dc1f-4d2a-c270-c8df-cc124a049829",
  "outputs": {},
  "resources": [
    {
      "mode": "managed",
      "type": "aws_eks_cluster",
      "name": "eks_cluster",
      "provider": "provider[\"registry.terraform.io/hashicorp/aws\"]",
      "instances": [
        {
          "schema_version": 0,
          "attributes": {
            "access_config": [
              {
                "authentication_mode": "CONFIG_MAP",
                "bootstrap_cluster_creator_admin_permissions": false
              }
            ],
            "arn": "arn:aws:eks:us-east-1:042789613736:cluster/Onboarding",
            "certificate_authority": [
              {
                "data": "LS0tLS1CRUdJTiBDRVJUSUZJQ0FURS0tLS0tCk1JSURCVENDQWUyZ0F3SUJBZ0lJUXd4RTNyNmtWek13RFFZSktvWklodmNOQVFFTEJRQXdGVEVUTUJFR0ExVUUKQXhNS2EzVmlaWEp1WlhSbGN6QWVGdzB5TkRBek1EY3hORFUyTURSYUZ3MHpOREF6TURVeE5UQXhNRFJhTUJVeApFekFSQmdOVkJBTVRDbXQxWW1WeWJtVjBaWE13Z2dFaU1BMEdDU3FHU0liM0RRRUJBUVVBQTRJQkR3QXdnZ0VLCkFvSUJBUURUZWxvaDlyYXVjRTEySVQwZVJGVXFUT3I0RG1rNElWbkRZTnNsRzJVZ2xXNVVwMmhRUVdsbTdFUWEKSmUyZDEvRjE2Y1FNQW16eUF3YnpxUk15OEk3L0wwc0cyR2E0dTFuRWlmS0lkeDdjaUtRRGpwdXJLcDBSaDRQRQpkSUJSTy9LQmIvVnpqME1MWWhZeVRBWldFQTFIUU9rMFBDeHdJcXlJOU9Qb2RaVG01WnhVSm41S0MwangzamxsClB3bm5XT3FpNytoZEtNdVFBTnpSekpDdDdkRkZxcTJ0cXdGT3ErZS9FRkRUMGNzdURSOVgybU9RYUVEcGN3NXgKOVNrSDdseHBnakMreU9hb0Y0R1hTZjBEaHVoTndoRnFWMzJxWmRtMDBST0JhQ0pKZVpRalZibW1xSm03Sjk5dApRYmtJYjVIUzl6UG5hM2EwRWgvNzVaYnlKYUR2QWdNQkFBR2pXVEJYTUE0R0ExVWREd0VCL3dRRUF3SUNwREFQCkJnTlZIUk1CQWY4RUJUQURBUUgvTUIwR0ExVWREZ1FXQkJSMHpnc2lpRjNseStBWmR1T2dNYUk0bkRIblZUQVYKQmdOVkhSRUVEakFNZ2dwcmRXSmxjbTVsZEdWek1BMEdDU3FHU0liM0RRRUJDd1VBQTRJQkFRQ3ByWW9ySU0vYwpJRDh6Z0t4N0hGZG1wRy9RUStIMVBzcTFua2JpZ1YzNmVZY29XSDZYbEZHRUQvR1hHMFk0aG1WZUtNeTd0MUtSCkhNMHVNcjR0RTYyS216SmcrRUdhQTBCd2M2R0FSUjFCTHB5VFhyMi8vL2s2NDgrRHVzNkZsL0ZpR3E5aUROS1QKc2l3eGJiTkpiZDluM3dGVHZlcFN0ZnBTNnk3UjJTRW8yTDZreWh2blpvdnNDQU1tc1ltc0N5c3lKZk5OMTF0YwpOZkdiL1pWbm9MeXFZMEJNcE1LTE4xdzZxM1FaSFd2WWdsdTBveHhNQWE0L05zcGd6azJRUy92VDJsNysyaDV4CmxEeU5obHBiUUV3L0RvOTRralJxTElDWGEzRjhkUkV4ak54b2xBbEc1YU5uYnVRSHZPR0xhTTRPbm9nOEZORUMKSVZhTk9ta1d4N2xlCi0tLS0tRU5EIENFUlRJRklDQVRFLS0tLS0K"
              }
            ],
            "cluster_id": null,
            "created_at": "2024-03-07 14:56:34.757 +0000 UTC",
            "enabled_cluster_log_types": null,
            "encryption_config": [],
            "endpoint": "https://2BC6B0CBE3BCE005071EEE60076CD92A.gr7.us-east-1.eks.amazonaws.com",
            "id": "Onboarding",
            "identity": [
              {
                "oidc": [
                  {
                    "issuer": "https://oidc.eks.us-east-1.amazonaws.com/id/2BC6B0CBE3BCE005071EEE60076CD92A"
                  }
                ]
              }
            ],
            "kubernetes_network_config": [
              {
                "ip_family": "ipv4",
                "service_ipv4_cidr": "172.20.0.0/16",
                "service_ipv6_cidr": ""
              }
            ],
            "name": "Onboarding",
            "outpost_config": [],
            "platform_version": "eks.1",
            "role_arn": "arn:aws:iam::042789613736:role/terraform-20240307145629237700000001",
            "status": "ACTIVE",
            "tags": {
              "archuuid": "b509659f-8820-4159-aaab-1b05fcfecdf5",
              "env": "Development"
            },
            "tags_all": {
              "archuuid": "b509659f-8820-4159-aaab-1b05fcfecdf5",
              "env": "Development"
            },
            "timeouts": null,
            "version": "1.29",
            "vpc_config": [
              {
                "cluster_security_group_id": "sg-07803dd4d1b064e89",
                "endpoint_private_access": false,
                "endpoint_public_access": true,
                "public_access_cidrs": [
                  "0.0.0.0/0"
                ],
                "security_group_ids": null,
                "subnet_ids": [
                  "subnet-0d48a4892c909c25c",
                  "subnet-0db882d96d67a2128"
                ],
                "vpc_id": "vpc-017a2e20d24b88889"
              }
            ]
          },
          "sensitive_attributes": [],
          "private": "eyJlMmJmYjczMC1lY2FhLTExZTYtOGY4OC0zNDM2M2JjN2M0YzAiOnsiY3JlYXRlIjoxODAwMDAwMDAwMDAwLCJkZWxldGUiOjkwMDAwMDAwMDAwMCwidXBkYXRlIjozNjAwMDAwMDAwMDAwfX0=",
          "dependencies": [
            "aws_iam_role.iam_role",
            "aws_subnet.snet",
            "aws_subnet.snet2",
            "aws_vpc.vpc"
          ]
        }
      ]
    },
    {
      "mode": "managed",
      "type": "aws_iam_role",
      "name": "iam_role",
      "provider": "provider[\"registry.terraform.io/hashicorp/aws\"]",
      "instances": [
        {
          "schema_version": 0,
          "attributes": {
            "arn": "arn:aws:iam::042789613736:role/terraform-20240307145629237700000001",
            "assume_role_policy": "{\"Statement\":[{\"Action\":\"sts:AssumeRole\",\"Effect\":\"Allow\",\"Principal\":{\"Service\":\"eks.amazonaws.com\"}}],\"Version\":\"2012-10-17\"}",
            "create_date": "2024-03-07T14:56:29Z",
            "description": "",
            "force_detach_policies": false,
            "id": "terraform-20240307145629237700000001",
            "inline_policy": [],
            "managed_policy_arns": [],
            "max_session_duration": 3600,
            "name": "terraform-20240307145629237700000001",
            "name_prefix": "terraform-",
            "path": "/",
            "permissions_boundary": "",
            "tags": {
              "archuuid": "b509659f-8820-4159-aaab-1b05fcfecdf5",
              "env": "Development"
            },
            "tags_all": {
              "archuuid": "b509659f-8820-4159-aaab-1b05fcfecdf5",
              "env": "Development"
            },
            "unique_id": "AROAQT5TVWCUMBATUCISY"
          },
          "sensitive_attributes": [],
          "private": "bnVsbA=="
        }
      ]
    },
    {
      "mode": "managed",
      "type": "aws_internet_gateway",
      "name": "internet_gw",
      "provider": "provider[\"registry.terraform.io/hashicorp/aws\"]",
      "instances": [
        {
          "schema_version": 0,
          "attributes": {
            "arn": "arn:aws:ec2:us-east-1:042789613736:internet-gateway/igw-0f8044aeff98261f0",
            "id": "igw-0f8044aeff98261f0",
            "owner_id": "042789613736",
            "tags": {
              "archuuid": "b509659f-8820-4159-aaab-1b05fcfecdf5",
              "env": "Development"
            },
            "tags_all": {
              "archuuid": "b509659f-8820-4159-aaab-1b05fcfecdf5",
              "env": "Development"
            },
            "timeouts": null,
            "vpc_id": "vpc-017a2e20d24b88889"
          },
          "sensitive_attributes": [],
          "private": "eyJlMmJmYjczMC1lY2FhLTExZTYtOGY4OC0zNDM2M2JjN2M0YzAiOnsiY3JlYXRlIjoxMjAwMDAwMDAwMDAwLCJkZWxldGUiOjEyMDAwMDAwMDAwMDAsInVwZGF0ZSI6MTIwMDAwMDAwMDAwMH19",
          "dependencies": [
            "aws_vpc.vpc"
          ]
        }
      ]
    },
    {
      "mode": "managed",
      "type": "aws_route_table",
      "name": "rt",
      "provider": "provider[\"registry.terraform.io/hashicorp/aws\"]",
      "instances": [
        {
          "schema_version": 0,
          "attributes": {
            "arn": "arn:aws:ec2:us-east-1:042789613736:route-table/rtb-09535d0d4f05e19b3",
            "id": "rtb-09535d0d4f05e19b3",
            "owner_id": "042789613736",
            "propagating_vgws": [],
            "route": [
              {
                "carrier_gateway_id": "",
                "cidr_block": "0.0.0.0/0",
                "core_network_arn": "",
                "destination_prefix_list_id": "",
                "egress_only_gateway_id": "",
                "gateway_id": "igw-0f8044aeff98261f0",
                "ipv6_cidr_block": "",
                "local_gateway_id": "",
                "nat_gateway_id": "",
                "network_interface_id": "",
                "transit_gateway_id": "",
                "vpc_endpoint_id": "",
                "vpc_peering_connection_id": ""
              }
            ],
            "tags": {
              "archuuid": "b509659f-8820-4159-aaab-1b05fcfecdf5",
              "env": "Development"
            },
            "tags_all": {
              "archuuid": "b509659f-8820-4159-aaab-1b05fcfecdf5",
              "env": "Development"
            },
            "timeouts": null,
            "vpc_id": "vpc-017a2e20d24b88889"
          },
          "sensitive_attributes": [],
          "private": "eyJlMmJmYjczMC1lY2FhLTExZTYtOGY4OC0zNDM2M2JjN2M0YzAiOnsiY3JlYXRlIjozMDAwMDAwMDAwMDAsImRlbGV0ZSI6MzAwMDAwMDAwMDAwLCJ1cGRhdGUiOjEyMDAwMDAwMDAwMH19",
          "dependencies": [
            "aws_internet_gateway.internet_gw",
            "aws_vpc.vpc"
          ]
        }
      ]
    },
    {
      "mode": "managed",
      "type": "aws_route_table_association",
      "name": "rt_association",
      "provider": "provider[\"registry.terraform.io/hashicorp/aws\"]",
      "instances": [
        {
          "schema_version": 0,
          "attributes": {
            "gateway_id": "",
            "id": "rtbassoc-039ed7c24f08c3700",
            "route_table_id": "rtb-09535d0d4f05e19b3",
            "subnet_id": "subnet-0db882d96d67a2128",
            "timeouts": null
          },
          "sensitive_attributes": [],
          "private": "eyJlMmJmYjczMC1lY2FhLTExZTYtOGY4OC0zNDM2M2JjN2M0YzAiOnsiY3JlYXRlIjozMDAwMDAwMDAwMDAsImRlbGV0ZSI6MzAwMDAwMDAwMDAwLCJ1cGRhdGUiOjEyMDAwMDAwMDAwMH19",
          "dependencies": [
            "aws_internet_gateway.internet_gw",
            "aws_route_table.rt",
            "aws_subnet.snet",
            "aws_vpc.vpc"
          ]
        }
      ]
    },
    {
      "mode": "managed",
      "type": "aws_route_table_association",
      "name": "rt_association2",
      "provider": "provider[\"registry.terraform.io/hashicorp/aws\"]",
      "instances": [
        {
          "schema_version": 0,
          "attributes": {
            "gateway_id": "",
            "id": "rtbassoc-00c6543adc9092f15",
            "route_table_id": "rtb-09535d0d4f05e19b3",
            "subnet_id": "subnet-0d48a4892c909c25c",
            "timeouts": null
          },
          "sensitive_attributes": [],
          "private": "eyJlMmJmYjczMC1lY2FhLTExZTYtOGY4OC0zNDM2M2JjN2M0YzAiOnsiY3JlYXRlIjozMDAwMDAwMDAwMDAsImRlbGV0ZSI6MzAwMDAwMDAwMDAwLCJ1cGRhdGUiOjEyMDAwMDAwMDAwMH19",
          "dependencies": [
            "aws_internet_gateway.internet_gw",
            "aws_route_table.rt",
            "aws_subnet.snet2",
            "aws_vpc.vpc"
          ]
        }
      ]
    },
    {
      "mode": "managed",
      "type": "aws_subnet",
      "name": "snet",
      "provider": "provider[\"registry.terraform.io/hashicorp/aws\"]",
      "instances": [
        {
          "schema_version": 1,
          "attributes": {
            "arn": "arn:aws:ec2:us-east-1:042789613736:subnet/subnet-0db882d96d67a2128",
            "assign_ipv6_address_on_creation": false,
            "availability_zone": "us-east-1a",
            "availability_zone_id": "use1-az2",
            "cidr_block": "10.0.1.0/24",
            "customer_owned_ipv4_pool": "",
            "enable_dns64": false,
            "enable_lni_at_device_index": 0,
            "enable_resource_name_dns_a_record_on_launch": false,
            "enable_resource_name_dns_aaaa_record_on_launch": false,
            "id": "subnet-0db882d96d67a2128",
            "ipv6_cidr_block": "",
            "ipv6_cidr_block_association_id": "",
            "ipv6_native": false,
            "map_customer_owned_ip_on_launch": false,
            "map_public_ip_on_launch": false,
            "outpost_arn": "",
            "owner_id": "042789613736",
            "private_dns_hostname_type_on_launch": "ip-name",
            "tags": {
              "archuuid": "b509659f-8820-4159-aaab-1b05fcfecdf5",
              "env": "Development"
            },
            "tags_all": {
              "archuuid": "b509659f-8820-4159-aaab-1b05fcfecdf5",
              "env": "Development"
            },
            "timeouts": null,
            "vpc_id": "vpc-017a2e20d24b88889"
          },
          "sensitive_attributes": [],
          "private": "eyJlMmJmYjczMC1lY2FhLTExZTYtOGY4OC0zNDM2M2JjN2M0YzAiOnsiY3JlYXRlIjo2MDAwMDAwMDAwMDAsImRlbGV0ZSI6MTIwMDAwMDAwMDAwMH0sInNjaGVtYV92ZXJzaW9uIjoiMSJ9",
          "dependencies": [
            "aws_vpc.vpc"
          ]
        }
      ]
    },
    {
      "mode": "managed",
      "type": "aws_subnet",
      "name": "snet2",
      "provider": "provider[\"registry.terraform.io/hashicorp/aws\"]",
      "instances": [
        {
          "schema_version": 1,
          "attributes": {
            "arn": "arn:aws:ec2:us-east-1:042789613736:subnet/subnet-0d48a4892c909c25c",
            "assign_ipv6_address_on_creation": false,
            "availability_zone": "us-east-1b",
            "availability_zone_id": "use1-az4",
            "cidr_block": "10.0.2.0/24",
            "customer_owned_ipv4_pool": "",
            "enable_dns64": false,
            "enable_lni_at_device_index": 0,
            "enable_resource_name_dns_a_record_on_launch": false,
            "enable_resource_name_dns_aaaa_record_on_launch": false,
            "id": "subnet-0d48a4892c909c25c",
            "ipv6_cidr_block": "",
            "ipv6_cidr_block_association_id": "",
            "ipv6_native": false,
            "map_customer_owned_ip_on_launch": false,
            "map_public_ip_on_launch": false,
            "outpost_arn": "",
            "owner_id": "042789613736",
            "private_dns_hostname_type_on_launch": "ip-name",
            "tags": {
              "archuuid": "b509659f-8820-4159-aaab-1b05fcfecdf5",
              "env": "Development"
            },
            "tags_all": {
              "archuuid": "b509659f-8820-4159-aaab-1b05fcfecdf5",
              "env": "Development"
            },
            "timeouts": null,
            "vpc_id": "vpc-017a2e20d24b88889"
          },
          "sensitive_attributes": [],
          "private": "eyJlMmJmYjczMC1lY2FhLTExZTYtOGY4OC0zNDM2M2JjN2M0YzAiOnsiY3JlYXRlIjo2MDAwMDAwMDAwMDAsImRlbGV0ZSI6MTIwMDAwMDAwMDAwMH0sInNjaGVtYV92ZXJzaW9uIjoiMSJ9",
          "dependencies": [
            "aws_vpc.vpc"
          ]
        }
      ]
    },
    {
      "mode": "managed",
      "type": "aws_vpc",
      "name": "vpc",
      "provider": "provider[\"registry.terraform.io/hashicorp/aws\"]",
      "instances": [
        {
          "schema_version": 1,
          "attributes": {
            "arn": "arn:aws:ec2:us-east-1:042789613736:vpc/vpc-017a2e20d24b88889",
            "assign_generated_ipv6_cidr_block": false,
            "cidr_block": "10.0.0.0/16",
            "default_network_acl_id": "acl-0810db2a7a8651092",
            "default_route_table_id": "rtb-01b3941e7d8f9c73a",
            "default_security_group_id": "sg-0004103480b2d02f3",
            "dhcp_options_id": "dopt-037eabe7aa79e3baf",
            "enable_dns_hostnames": false,
            "enable_dns_support": true,
            "enable_network_address_usage_metrics": false,
            "id": "vpc-017a2e20d24b88889",
            "instance_tenancy": "default",
            "ipv4_ipam_pool_id": null,
            "ipv4_netmask_length": null,
            "ipv6_association_id": "",
            "ipv6_cidr_block": "",
            "ipv6_cidr_block_network_border_group": "",
            "ipv6_ipam_pool_id": "",
            "ipv6_netmask_length": 0,
            "main_route_table_id": "rtb-01b3941e7d8f9c73a",
            "owner_id": "042789613736",
            "tags": {
              "archuuid": "b509659f-8820-4159-aaab-1b05fcfecdf5",
              "env": "Development"
            },
            "tags_all": {
              "archuuid": "b509659f-8820-4159-aaab-1b05fcfecdf5",
              "env": "Development"
            }
          },
          "sensitive_attributes": [],
          "private": "eyJzY2hlbWFfdmVyc2lvbiI6IjEifQ=="
        }
      ]
    }
  ],
  "check_results": null
}
